
Microsoft Visual Studio Solution File, Format Version 12.00
# Visual Studio Version 16
VisualStudioVersion = 16.0.30711.63
MinimumVisualStudioVersion = 15.0.26124.0
Project("{9A19103F-16F7-4668-BE54-9A1E7A4F7556}") = "Domain", "Domain\Domain.csproj", "{AEB3F45F-FA52-4DBD-8CE1-4CE4848F379C}"
EndProject
Project("{9A19103F-16F7-4668-BE54-9A1E7A4F7556}") = "Application", "Application\Application.csproj", "{2254BA7A-BE58-4B01-9917-2291FE1F03E9}"
EndProject
Project("{9A19103F-16F7-4668-BE54-9A1E7A4F7556}") = "API", "API\API.csproj", "{19EF78A0-7839-4178-AB26-0D84CB87D9F0}"
EndProject
Project("{9A19103F-16F7-4668-BE54-9A1E7A4F7556}") = "Persistence", "Persistence\Persistence.csproj", "{A19788E2-A320-435C-A1CB-F8544944F2B0}"
EndProject
Project("{2150E333-8FDC-42A3-9474-1A3956D46DE8}") = "Solution Items", "Solution Items", "{0E0A59AB-A955-4E00-B5EF-3C512AA39661}"
	ProjectSection(SolutionItems) = preProject
		.gitignore = .gitignore
	EndProjectSection
EndProject
Global
	GlobalSection(SolutionConfigurationPlatforms) = preSolution
		Debug|Any CPU = Debug|Any CPU
		Debug|x64 = Debug|x64
		Debug|x86 = Debug|x86
		Release|Any CPU = Release|Any CPU
		Release|x64 = Release|x64
		Release|x86 = Release|x86
	EndGlobalSection
	GlobalSection(ProjectConfigurationPlatforms) = postSolution
		{AEB3F45F-FA52-4DBD-8CE1-4CE4848F379C}.Debug|Any CPU.ActiveCfg = Debug|Any CPU
		{AEB3F45F-FA52-4DBD-8CE1-4CE4848F379C}.Debug|Any CPU.Build.0 = Debug|Any CPU
		{AEB3F45F-FA52-4DBD-8CE1-4CE4848F379C}.Debug|x64.ActiveCfg = Debug|Any CPU
		{AEB3F45F-FA52-4DBD-8CE1-4CE4848F379C}.Debug|x64.Build.0 = Debug|Any CPU
		{AEB3F45F-FA52-4DBD-8CE1-4CE4848F379C}.Debug|x86.ActiveCfg = Debug|Any CPU
		{AEB3F45F-FA52-4DBD-8CE1-4CE4848F379C}.Debug|x86.Build.0 = Debug|Any CPU
		{AEB3F45F-FA52-4DBD-8CE1-4CE4848F379C}.Release|Any CPU.ActiveCfg = Release|Any CPU
		{AEB3F45F-FA52-4DBD-8CE1-4CE4848F379C}.Release|Any CPU.Build.0 = Release|Any CPU
		{AEB3F45F-FA52-4DBD-8CE1-4CE4848F379C}.Release|x64.ActiveCfg = Release|Any CPU
		{AEB3F45F-FA52-4DBD-8CE1-4CE4848F379C}.Release|x64.Build.0 = Release|Any CPU
		{AEB3F45F-FA52-4DBD-8CE1-4CE4848F379C}.Release|x86.ActiveCfg = Release|Any CPU
		{AEB3F45F-FA52-4DBD-8CE1-4CE4848F379C}.Release|x86.Build.0 = Release|Any CPU
		{2254BA7A-BE58-4B01-9917-2291FE1F03E9}.Debug|Any CPU.ActiveCfg = Debug|Any CPU
		{2254BA7A-BE58-4B01-9917-2291FE1F03E9}.Debug|Any CPU.Build.0 = Debug|Any CPU
		{2254BA7A-BE58-4B01-9917-2291FE1F03E9}.Debug|x64.ActiveCfg = Debug|Any CPU
		{2254BA7A-BE58-4B01-9917-2291FE1F03E9}.Debug|x64.Build.0 = Debug|Any CPU
		{2254BA7A-BE58-4B01-9917-2291FE1F03E9}.Debug|x86.ActiveCfg = Debug|Any CPU
		{2254BA7A-BE58-4B01-9917-2291FE1F03E9}.Debug|x86.Build.0 = Debug|Any CPU
		{2254BA7A-BE58-4B01-9917-2291FE1F03E9}.Release|Any CPU.ActiveCfg = Release|Any CPU
		{2254BA7A-BE58-4B01-9917-2291FE1F03E9}.Release|Any CPU.Build.0 = Release|Any CPU
		{2254BA7A-BE58-4B01-9917-2291FE1F03E9}.Release|x64.ActiveCfg = Release|Any CPU
		{2254BA7A-BE58-4B01-9917-2291FE1F03E9}.Release|x64.Build.0 = Release|Any CPU
		{2254BA7A-BE58-4B01-9917-2291FE1F03E9}.Release|x86.ActiveCfg = Release|Any CPU
		{2254BA7A-BE58-4B01-9917-2291FE1F03E9}.Release|x86.Build.0 = Release|Any CPU
		{19EF78A0-7839-4178-AB26-0D84CB87D9F0}.Debug|Any CPU.ActiveCfg = Debug|Any CPU
		{19EF78A0-7839-4178-AB26-0D84CB87D9F0}.Debug|Any CPU.Build.0 = Debug|Any CPU
		{19EF78A0-7839-4178-AB26-0D84CB87D9F0}.Debug|x64.ActiveCfg = Debug|Any CPU
		{19EF78A0-7839-4178-AB26-0D84CB87D9F0}.Debug|x64.Build.0 = Debug|Any CPU
		{19EF78A0-7839-4178-AB26-0D84CB87D9F0}.Debug|x86.ActiveCfg = Debug|Any CPU
		{19EF78A0-7839-4178-AB26-0D84CB87D9F0}.Debug|x86.Build.0 = Debug|Any CPU
		{19EF78A0-7839-4178-AB26-0D84CB87D9F0}.Release|Any CPU.ActiveCfg = Release|Any CPU
		{19EF78A0-7839-4178-AB26-0D84CB87D9F0}.Release|Any CPU.Build.0 = Release|Any CPU
		{19EF78A0-7839-4178-AB26-0D84CB87D9F0}.Release|x64.ActiveCfg = Release|Any CPU
		{19EF78A0-7839-4178-AB26-0D84CB87D9F0}.Release|x64.Build.0 = Release|Any CPU
		{19EF78A0-7839-4178-AB26-0D84CB87D9F0}.Release|x86.ActiveCfg = Release|Any CPU
		{19EF78A0-7839-4178-AB26-0D84CB87D9F0}.Release|x86.Build.0 = Release|Any CPU
		{A19788E2-A320-435C-A1CB-F8544944F2B0}.Debug|Any CPU.ActiveCfg = Debug|Any CPU
		{A19788E2-A320-435C-A1CB-F8544944F2B0}.Debug|Any CPU.Build.0 = Debug|Any CPU
		{A19788E2-A320-435C-A1CB-F8544944F2B0}.Debug|x64.ActiveCfg = Debug|Any CPU
		{A19788E2-A320-435C-A1CB-F8544944F2B0}.Debug|x64.Build.0 = Debug|Any CPU
		{A19788E2-A320-435C-A1CB-F8544944F2B0}.Debug|x86.ActiveCfg = Debug|Any CPU
		{A19788E2-A320-435C-A1CB-F8544944F2B0}.Debug|x86.Build.0 = Debug|Any CPU
		{A19788E2-A320-435C-A1CB-F8544944F2B0}.Release|Any CPU.ActiveCfg = Release|Any CPU
		{A19788E2-A320-435C-A1CB-F8544944F2B0}.Release|Any CPU.Build.0 = Release|Any CPU
		{A19788E2-A320-435C-A1CB-F8544944F2B0}.Release|x64.ActiveCfg = Release|Any CPU
		{A19788E2-A320-435C-A1CB-F8544944F2B0}.Release|x64.Build.0 = Release|Any CPU
		{A19788E2-A320-435C-A1CB-F8544944F2B0}.Release|x86.ActiveCfg = Release|Any CPU
		{A19788E2-A320-435C-A1CB-F8544944F2B0}.Release|x86.Build.0 = Release|Any CPU
	EndGlobalSection
	GlobalSection(SolutionProperties) = preSolution
		HideSolutionNode = FALSE
	EndGlobalSection
	GlobalSection(ExtensibilityGlobals) = postSolution
		SolutionGuid = {275BB7FE-E480-4167-A0BD-14F4C59C9336}
	EndGlobalSection
EndGlobal
